<?xml version="1.0" encoding="utf-8"?>
<Project ToolsVersion="4.0" xmlns="http://schemas.microsoft.com/developer/msbuild/2003">
  <ItemGroup>
    <Filter Include="Source Files">
      <UniqueIdentifier>{4FC737F1-C7A5-4376-A066-2A32D752A2FF}</UniqueIdentifier>
      <Extensions>cpp;c;cc;cxx;def;odl;idl;hpj;bat;asm;asmx</Extensions>
    </Filter>
    <Filter Include="Header Files">
      <UniqueIdentifier>{93995380-89BD-4b04-88EB-625FBE52EBFB}</UniqueIdentifier>
      <Extensions>h;hpp;hxx;hm;inl;inc;xsd</Extensions>
    </Filter>
    <Filter Include="Resource Files">
      <UniqueIdentifier>{67DA6AB6-F800-4c08-8B7A-83BB121AAD01}</UniqueIdentifier>
      <Extensions>rc;ico;cur;bmp;dlg;rc2;rct;bin;rgs;gif;jpg;jpeg;jpe;resx;tiff;tif;png;wav;mfcribbon-ms</Extensions>
    </Filter>
    <Filter Include="Header Files\core">
      <UniqueIdentifier>{0fd9203e-bdfe-4e4b-9042-58f0483aaf1b}</UniqueIdentifier>
    </Filter>
    <Filter Include="Source Files\core">
      <UniqueIdentifier>{49d733ed-4f3b-4f0e-92c8-6da758ec110b}</UniqueIdentifier>
    </Filter>
    <Filter Include="Header Files\advancedOgreFramework">
      <UniqueIdentifier>{16e1748e-e59e-4dba-8a59-49f20e560844}</UniqueIdentifier>
    </Filter>
    <Filter Include="Source Files\advancedOgreFramework">
      <UniqueIdentifier>{ea3691d9-fbe1-43dd-be44-10141033fc0d}</UniqueIdentifier>
    </Filter>
    <Filter Include="Source Files\states">
      <UniqueIdentifier>{f0123b13-447e-42cf-b210-c62e42c550cc}</UniqueIdentifier>
    </Filter>
    <Filter Include="Header Files\states">
      <UniqueIdentifier>{80eb886b-7ccd-48aa-9a39-16557de72e76}</UniqueIdentifier>
    </Filter>
    <Filter Include="Source Files\entity">
      <UniqueIdentifier>{a1330b21-8e48-4af3-88e7-b139eb618eee}</UniqueIdentifier>
    </Filter>
    <Filter Include="Header Files\entity">
      <UniqueIdentifier>{8874f320-cc75-4784-98f0-047a3ad54dec}</UniqueIdentifier>
    </Filter>
    <Filter Include="Source Files\entity\systems">
      <UniqueIdentifier>{a75ef51e-0e0a-4897-95ca-e5c965805d49}</UniqueIdentifier>
    </Filter>
    <Filter Include="Header Files\entity\systems">
      <UniqueIdentifier>{a2cd9b8a-bf92-4ceb-add6-424a0043dc1d}</UniqueIdentifier>
    </Filter>
    <Filter Include="Header Files\entity\components">
      <UniqueIdentifier>{d5908bea-20f3-433f-aed4-39fe8071e2e0}</UniqueIdentifier>
    </Filter>
    <Filter Include="Header Files\ac">
      <UniqueIdentifier>{563a0c6a-62d2-41b5-9ca8-b63711ce1016}</UniqueIdentifier>
    </Filter>
    <Filter Include="Header Files\ac\es">
      <UniqueIdentifier>{69a8d46a-4cf9-40d6-88b6-491c48ba028a}</UniqueIdentifier>
    </Filter>
    <Filter Include="Header Files\ac\es\util">
      <UniqueIdentifier>{8fb26379-4427-4bd1-af19-4013b5a0390e}</UniqueIdentifier>
    </Filter>
    <Filter Include="Source Files\ac">
      <UniqueIdentifier>{3f1121fc-8cde-401e-9bbd-d0646e65c8e4}</UniqueIdentifier>
    </Filter>
    <Filter Include="Source Files\ac\es">
      <UniqueIdentifier>{10dfeefb-d471-4665-aee5-b43bb9586917}</UniqueIdentifier>
    </Filter>
    <Filter Include="Header Files\core\utils">
      <UniqueIdentifier>{a5dcb57b-b129-4d08-8239-a94076a937cf}</UniqueIdentifier>
    </Filter>
    <Filter Include="Header Files\core\data">
      <UniqueIdentifier>{65f6eb08-1502-4033-a103-155617aac34e}</UniqueIdentifier>
    </Filter>
    <Filter Include="Header Files\core\animation">
      <UniqueIdentifier>{e596910d-7335-481c-90a4-7017823a20d4}</UniqueIdentifier>
    </Filter>
    <Filter Include="Source Files\entity\components">
      <UniqueIdentifier>{e922b6c8-9029-4598-b335-35c32dcce298}</UniqueIdentifier>
    </Filter>
    <Filter Include="Header Files\core\map">
      <UniqueIdentifier>{3a91a503-796d-43c2-8ada-ab9a3a4f281f}</UniqueIdentifier>
    </Filter>
    <Filter Include="Source Files\core\map">
      <UniqueIdentifier>{096929f5-dd8a-4f63-8616-e9ae0628ec84}</UniqueIdentifier>
    </Filter>
    <Filter Include="Header Files\delaunay">
      <UniqueIdentifier>{3f5141f9-5232-4387-b9fa-619122e7f7f3}</UniqueIdentifier>
    </Filter>
    <Filter Include="Source Files\delaunay">
      <UniqueIdentifier>{a119c61d-61a4-4b47-bc59-2831087c56f3}</UniqueIdentifier>
    </Filter>
    <Filter Include="Header Files\event">
      <UniqueIdentifier>{22bfa5db-292e-4265-9fc2-f09f338e7951}</UniqueIdentifier>
    </Filter>
    <Filter Include="Source Files\event">
      <UniqueIdentifier>{6c4caaf1-e5be-4a99-acec-100658dabcab}</UniqueIdentifier>
    </Filter>
    <Filter Include="Header Files\core\events">
      <UniqueIdentifier>{58809462-9a2b-46e3-a54a-f0d4d2fb2cda}</UniqueIdentifier>
    </Filter>
    <Filter Include="Source Files\core\data">
      <UniqueIdentifier>{7b9b241f-914f-4ccb-9367-702ac55d621f}</UniqueIdentifier>
    </Filter>
    <Filter Include="Header Files\core\construct">
      <UniqueIdentifier>{8216bb7a-c5a5-4772-9000-751fc0384b4e}</UniqueIdentifier>
    </Filter>
    <Filter Include="Header Files\core\construct\constructs">
      <UniqueIdentifier>{faa4d5c5-2d5b-4bcf-9276-2fadd6bebf4b}</UniqueIdentifier>
    </Filter>
    <Filter Include="Source Files\core\construct">
      <UniqueIdentifier>{6b43f0c0-dde9-407b-852a-9b0d97a6cf8d}</UniqueIdentifier>
    </Filter>
    <Filter Include="Source Files\core\construct\constructs">
      <UniqueIdentifier>{4592c5b2-faa6-4528-9bae-92cf5bd5f992}</UniqueIdentifier>
    </Filter>
    <Filter Include="Header Files\core\construct\resource">
      <UniqueIdentifier>{ad3cf812-b809-4ec5-8ab0-ee8cbb71bcaa}</UniqueIdentifier>
    </Filter>
    <Filter Include="Source Files\core\construct\resource">
      <UniqueIdentifier>{acac6723-ea98-4219-9fe2-576a9bcf9e05}</UniqueIdentifier>
    </Filter>
    <Filter Include="Source Files\gui">
      <UniqueIdentifier>{3b62593c-ece0-4f83-9bac-7c49e8426e36}</UniqueIdentifier>
    </Filter>
    <Filter Include="Header Files\gui">
      <UniqueIdentifier>{1de863a0-5f90-4503-b399-2185707b5f70}</UniqueIdentifier>
    </Filter>
    <Filter Include="Header Files\gui\menu">
      <UniqueIdentifier>{bc8a7abe-f32b-4b49-869c-9c0ac25aa2c5}</UniqueIdentifier>
    </Filter>
    <Filter Include="Header Files\gui\game">
      <UniqueIdentifier>{3632f03d-de6c-40c4-a410-918bca9cbcae}</UniqueIdentifier>
    </Filter>
    <Filter Include="Source Files\gui\menu">
      <UniqueIdentifier>{8438d300-b840-4f82-b9f7-d7de7c405b6a}</UniqueIdentifier>
    </Filter>
    <Filter Include="Source Files\gui\game">
      <UniqueIdentifier>{0ccd27ed-373d-4691-a56c-724840d3bf5c}</UniqueIdentifier>
    </Filter>
    <Filter Include="Header Files\core\construct\instructions">
      <UniqueIdentifier>{a69ee523-25b3-4e61-857c-363562e7b8ed}</UniqueIdentifier>
    </Filter>
    <Filter Include="Header Files\entity\components\display">
      <UniqueIdentifier>{2d26cc7f-daf6-40c6-9c84-b4aa2aa166ec}</UniqueIdentifier>
    </Filter>
    <Filter Include="Header Files\entity\components\pulse">
      <UniqueIdentifier>{7f2be511-b00c-4287-bc9f-fc7138dc94d7}</UniqueIdentifier>
    </Filter>
    <Filter Include="Header Files\entity\components\construct">
      <UniqueIdentifier>{0b97ff7a-9b23-4a6b-bbdf-57cdc7fb3ed6}</UniqueIdentifier>
    </Filter>
    <Filter Include="Header Files\entity\components\info">
      <UniqueIdentifier>{8eacaa67-3f25-478f-a47f-22755f466fdf}</UniqueIdentifier>
    </Filter>
    <Filter Include="Source Files\entity\components\display">
      <UniqueIdentifier>{5ca3007b-e458-455b-b9c9-c0ca75f9c946}</UniqueIdentifier>
    </Filter>
    <Filter Include="Source Files\entity\components\construct">
      <UniqueIdentifier>{d25a46d2-fcbe-4be9-a7f2-f980670cd43f}</UniqueIdentifier>
    </Filter>
    <Filter Include="Source Files\entity\components\info">
      <UniqueIdentifier>{f7f93c9b-5f49-48b1-9c01-d7015d642dc0}</UniqueIdentifier>
    </Filter>
    <Filter Include="Source Files\entity\components\pulse">
      <UniqueIdentifier>{853d1fd8-f343-4a66-9db6-8d04bff262f1}</UniqueIdentifier>
    </Filter>
  </ItemGroup>
  <ItemGroup>
    <ClCompile Include="src\main.cpp">
      <Filter>Source Files</Filter>
    </ClCompile>
    <ClCompile Include="src\AdvancedOgreFramework.cpp">
      <Filter>Source Files\advancedOgreFramework</Filter>
    </ClCompile>
    <ClCompile Include="src\AppStateManager.cpp">
      <Filter>Source Files\advancedOgreFramework</Filter>
    </ClCompile>
    <ClCompile Include="src\DotSceneLoader.cpp">
      <Filter>Source Files\advancedOgreFramework</Filter>
    </ClCompile>
    <ClCompile Include="src\ApplicationBase.cpp">
      <Filter>Source Files\core</Filter>
    </ClCompile>
    <ClCompile Include="src\GameState.cpp">
      <Filter>Source Files\states</Filter>
    </ClCompile>
    <ClCompile Include="src\MenuState.cpp">
      <Filter>Source Files\states</Filter>
    </ClCompile>
    <ClCompile Include="src\PauseState.cpp">
      <Filter>Source Files\states</Filter>
    </ClCompile>
    <ClCompile Include="src\GraphicSystem.cpp">
      <Filter>Source Files\entity\systems</Filter>
    </ClCompile>
    <ClCompile Include="src\ac\Identfiable.cpp">
      <Filter>Source Files\ac</Filter>
    </ClCompile>
    <ClCompile Include="src\ac\es\Component.cpp">
      <Filter>Source Files\ac\es</Filter>
    </ClCompile>
    <ClCompile Include="src\ac\es\ComponentContainer.cpp">
      <Filter>Source Files\ac\es</Filter>
    </ClCompile>
    <ClCompile Include="src\ac\es\Entity.cpp">
      <Filter>Source Files\ac\es</Filter>
    </ClCompile>
    <ClCompile Include="src\ac\es\EntityContainer.cpp">
      <Filter>Source Files\ac\es</Filter>
    </ClCompile>
    <ClCompile Include="src\ac\es\EntityFactory.cpp">
      <Filter>Source Files\ac\es</Filter>
    </ClCompile>
    <ClCompile Include="src\ac\es\EntityManager.cpp">
      <Filter>Source Files\ac\es</Filter>
    </ClCompile>
    <ClCompile Include="src\ac\es\EntityObserver.cpp">
      <Filter>Source Files\ac\es</Filter>
    </ClCompile>
    <ClCompile Include="src\ac\es\EntitySystem.cpp">
      <Filter>Source Files\ac\es</Filter>
    </ClCompile>
    <ClCompile Include="src\ac\es\Scene.cpp">
      <Filter>Source Files\ac\es</Filter>
    </ClCompile>
    <ClCompile Include="src\GameObjectFactory.cpp">
      <Filter>Source Files\entity</Filter>
    </ClCompile>
    <ClCompile Include="src\OutputSystem.cpp">
      <Filter>Source Files\entity\systems</Filter>
    </ClCompile>
    <ClCompile Include="src\ReactionSystem.cpp">
      <Filter>Source Files\entity\systems</Filter>
    </ClCompile>
    <ClCompile Include="src\AnimationSystem.cpp">
      <Filter>Source Files\entity\systems</Filter>
    </ClCompile>
    <ClCompile Include="src\WorldGenerator.cpp">
      <Filter>Source Files\core\map</Filter>
    </ClCompile>
    <ClCompile Include="src\delaunay.cpp">
      <Filter>Source Files\delaunay</Filter>
    </ClCompile>
    <ClCompile Include="src\ConnectionDisplaySystem.cpp">
      <Filter>Source Files\entity\systems</Filter>
    </ClCompile>
    <ClCompile Include="src\PulseSystem.cpp">
      <Filter>Source Files\entity\systems</Filter>
    </ClCompile>
    <ClCompile Include="src\EventManager.cpp">
      <Filter>Source Files\event</Filter>
    </ClCompile>
    <ClCompile Include="src\Event.cpp">
      <Filter>Source Files\event</Filter>
    </ClCompile>
    <ClCompile Include="src\EventType.cpp">
      <Filter>Source Files\event</Filter>
    </ClCompile>
    <ClCompile Include="src\ac\es\EntityProcessingSystem.cpp">
      <Filter>Source Files\ac\es</Filter>
    </ClCompile>
    <ClCompile Include="src\NeuroWorld.cpp">
      <Filter>Source Files\core</Filter>
    </ClCompile>
    <ClCompile Include="src\NeuroPlayer.cpp">
      <Filter>Source Files\core</Filter>
    </ClCompile>
    <ClCompile Include="src\ConstructOutput.cpp">
      <Filter>Source Files\core\construct</Filter>
    </ClCompile>
    <ClCompile Include="src\ConstructInput.cpp">
      <Filter>Source Files\core\construct</Filter>
    </ClCompile>
    <ClCompile Include="src\ResourceManager.cpp">
      <Filter>Source Files\core\construct\resource</Filter>
    </ClCompile>
    <ClCompile Include="src\HubInfoPanel.cpp">
      <Filter>Source Files\gui\menu</Filter>
    </ClCompile>
    <ClCompile Include="src\NodeInfoPanel.cpp">
      <Filter>Source Files\gui\menu</Filter>
    </ClCompile>
    <ClCompile Include="src\SetupState.cpp">
      <Filter>Source Files\states</Filter>
    </ClCompile>
    <ClCompile Include="src\ConstructSystem.cpp">
      <Filter>Source Files\entity\systems</Filter>
    </ClCompile>
    <ClCompile Include="src\ResourceTransferSystem.cpp">
      <Filter>Source Files\entity\systems</Filter>
    </ClCompile>
    <ClCompile Include="src\PulseTransferSystem.cpp">
      <Filter>Source Files\entity\systems</Filter>
    </ClCompile>
    <ClCompile Include="src\ResourceRequirement.cpp">
      <Filter>Source Files\core\construct\resource</Filter>
    </ClCompile>
    <ClCompile Include="src\RefineryConstruct.cpp">
      <Filter>Source Files\core\construct\constructs</Filter>
    </ClCompile>
    <ClCompile Include="src\ConstructInfoPanel.cpp">
      <Filter>Source Files\gui\menu</Filter>
    </ClCompile>
    <ClCompile Include="src\AnimationComponent.cpp">
      <Filter>Source Files\entity\components\display</Filter>
    </ClCompile>
    <ClCompile Include="src\GraphicComponent.cpp">
      <Filter>Source Files\entity\components\display</Filter>
    </ClCompile>
    <ClCompile Include="src\TransformComponent.cpp">
      <Filter>Source Files\entity\components\display</Filter>
    </ClCompile>
    <ClCompile Include="src\ConstructComponent.cpp">
      <Filter>Source Files\entity\components\construct</Filter>
    </ClCompile>
    <ClCompile Include="src\HubComponent.cpp">
      <Filter>Source Files\entity\components\construct</Filter>
    </ClCompile>
    <ClCompile Include="src\ResourceInputComponent.cpp">
      <Filter>Source Files\entity\components\construct</Filter>
    </ClCompile>
    <ClCompile Include="src\ResourceOutputComponent.cpp">
      <Filter>Source Files\entity\components\construct</Filter>
    </ClCompile>
    <ClCompile Include="src\BufferComponent.cpp">
      <Filter>Source Files\entity\components\construct</Filter>
    </ClCompile>
    <ClCompile Include="src\ConnectionComponent.cpp">
      <Filter>Source Files\entity\components\pulse</Filter>
    </ClCompile>
    <ClCompile Include="src\NodeComponent.cpp">
      <Filter>Source Files\entity\components\pulse</Filter>
    </ClCompile>
    <ClCompile Include="src\OutputComponent.cpp">
      <Filter>Source Files\entity\components\pulse</Filter>
    </ClCompile>
    <ClCompile Include="src\PulseComponent.cpp">
      <Filter>Source Files\entity\components\pulse</Filter>
    </ClCompile>
    <ClCompile Include="src\ReactionComponent.cpp">
      <Filter>Source Files\entity\components\pulse</Filter>
    </ClCompile>
    <ClCompile Include="src\PulseGateComponent.cpp">
      <Filter>Source Files\entity\components\construct</Filter>
    </ClCompile>
    <ClCompile Include="src\SexyEnergyBuffer.cpp">
      <Filter>Source Files\core\construct\constructs</Filter>
    </ClCompile>
    <ClCompile Include="src\HeatSystem.cpp">
      <Filter>Source Files\entity\systems</Filter>
    </ClCompile>
    <ClCompile Include="src\ConstructConnectionComponent.cpp">
      <Filter>Source Files\entity\components\construct</Filter>
    </ClCompile>
  </ItemGroup>
  <ItemGroup>
    <ClInclude Include="src\AdvancedOgreFramework.hpp">
      <Filter>Header Files\advancedOgreFramework</Filter>
    </ClInclude>
    <ClInclude Include="src\AppState.hpp">
      <Filter>Header Files\advancedOgreFramework</Filter>
    </ClInclude>
    <ClInclude Include="src\AppStateManager.hpp">
      <Filter>Header Files\advancedOgreFramework</Filter>
    </ClInclude>
    <ClInclude Include="src\DotSceneLoader.hpp">
      <Filter>Header Files\advancedOgreFramework</Filter>
    </ClInclude>
    <ClInclude Include="src\rapidxml.hpp">
      <Filter>Header Files\advancedOgreFramework</Filter>
    </ClInclude>
    <ClInclude Include="src\ApplicationBase.h">
      <Filter>Header Files\core</Filter>
    </ClInclude>
    <ClInclude Include="src\GameState.hpp">
      <Filter>Header Files\states</Filter>
    </ClInclude>
    <ClInclude Include="src\MenuState.hpp">
      <Filter>Header Files\states</Filter>
    </ClInclude>
    <ClInclude Include="src\PauseState.hpp">
      <Filter>Header Files\states</Filter>
    </ClInclude>
    <ClInclude Include="src\GraphicSystem.h">
      <Filter>Header Files\entity\systems</Filter>
    </ClInclude>
    <ClInclude Include="src\ac\es.h">
      <Filter>Header Files\ac</Filter>
    </ClInclude>
    <ClInclude Include="src\ac\Identfiable.h">
      <Filter>Header Files\ac</Filter>
    </ClInclude>
    <ClInclude Include="src\ac\IdentifiableArray.h">
      <Filter>Header Files\ac</Filter>
    </ClInclude>
    <ClInclude Include="src\ac\IdentifierPool.h">
      <Filter>Header Files\ac</Filter>
    </ClInclude>
    <ClInclude Include="src\ac\ObjectFactory.h">
      <Filter>Header Files\ac</Filter>
    </ClInclude>
    <ClInclude Include="src\ac\es\Component.h">
      <Filter>Header Files\ac\es</Filter>
    </ClInclude>
    <ClInclude Include="src\ac\es\ComponentContainer.h">
      <Filter>Header Files\ac\es</Filter>
    </ClInclude>
    <ClInclude Include="src\ac\es\ComponentFilter.h">
      <Filter>Header Files\ac\es</Filter>
    </ClInclude>
    <ClInclude Include="src\ac\es\Entity.h">
      <Filter>Header Files\ac\es</Filter>
    </ClInclude>
    <ClInclude Include="src\ac\es\EntityContainer.h">
      <Filter>Header Files\ac\es</Filter>
    </ClInclude>
    <ClInclude Include="src\ac\es\EntityFactory.h">
      <Filter>Header Files\ac\es</Filter>
    </ClInclude>
    <ClInclude Include="src\ac\es\EntityManager.h">
      <Filter>Header Files\ac\es</Filter>
    </ClInclude>
    <ClInclude Include="src\ac\es\EntityManagerContainer.h">
      <Filter>Header Files\ac\es</Filter>
    </ClInclude>
    <ClInclude Include="src\ac\es\EntityObserver.h">
      <Filter>Header Files\ac\es</Filter>
    </ClInclude>
    <ClInclude Include="src\ac\es\EntityProcessingSystem.h">
      <Filter>Header Files\ac\es</Filter>
    </ClInclude>
    <ClInclude Include="src\ac\es\EntitySystem.h">
      <Filter>Header Files\ac\es</Filter>
    </ClInclude>
    <ClInclude Include="src\ac\es\EntitySystemContainer.h">
      <Filter>Header Files\ac\es</Filter>
    </ClInclude>
    <ClInclude Include="src\ac\es\Scene.h">
      <Filter>Header Files\ac\es</Filter>
    </ClInclude>
    <ClInclude Include="src\ac\es\Types.h">
      <Filter>Header Files\ac\es</Filter>
    </ClInclude>
    <ClInclude Include="src\ac\es\util\DynamicArrayUtils.h">
      <Filter>Header Files\ac\es\util</Filter>
    </ClInclude>
    <ClInclude Include="src\GameObjectFactory.h">
      <Filter>Header Files\entity</Filter>
    </ClInclude>
    <ClInclude Include="src\OutputSystem.h">
      <Filter>Header Files\entity\systems</Filter>
    </ClInclude>
    <ClInclude Include="src\IListener.h">
      <Filter>Header Files\core\utils</Filter>
    </ClInclude>
    <ClInclude Include="src\ReactionSystem.h">
      <Filter>Header Files\entity\systems</Filter>
    </ClInclude>
    <ClInclude Include="src\ConnectionBase.h">
      <Filter>Header Files\core\data</Filter>
    </ClInclude>
    <ClInclude Include="src\AnimationSystem.h">
      <Filter>Header Files\entity\systems</Filter>
    </ClInclude>
    <ClInclude Include="src\TweenState.h">
      <Filter>Header Files\core\animation</Filter>
    </ClInclude>
    <ClInclude Include="src\WorldGenerator.h">
      <Filter>Header Files\core\map</Filter>
    </ClInclude>
    <ClInclude Include="src\delaunay.h">
      <Filter>Header Files\delaunay</Filter>
    </ClInclude>
    <ClInclude Include="src\ConnectionDisplaySystem.h">
      <Filter>Header Files\entity\systems</Filter>
    </ClInclude>
    <ClInclude Include="src\PulseSystem.h">
      <Filter>Header Files\entity\systems</Filter>
    </ClInclude>
    <ClInclude Include="src\EventManager.h">
      <Filter>Header Files\event</Filter>
    </ClInclude>
    <ClInclude Include="src\Event.h">
      <Filter>Header Files\event</Filter>
    </ClInclude>
    <ClInclude Include="src\EventType.h">
      <Filter>Header Files\event</Filter>
    </ClInclude>
    <ClInclude Include="src\PulseEvent.h">
      <Filter>Header Files\core\events</Filter>
    </ClInclude>
    <ClInclude Include="src\ac\Config.h">
      <Filter>Header Files\ac</Filter>
    </ClInclude>
    <ClInclude Include="src\CEGUIState.h">
      <Filter>Header Files\states</Filter>
    </ClInclude>
    <ClInclude Include="src\NeuroWorld.h">
      <Filter>Header Files\core</Filter>
    </ClInclude>
    <ClInclude Include="src\NeuroPlayer.h">
      <Filter>Header Files\core</Filter>
    </ClInclude>
    <ClInclude Include="src\ConstructOutput.h">
      <Filter>Header Files\core\construct</Filter>
    </ClInclude>
    <ClInclude Include="src\ConstructInput.h">
      <Filter>Header Files\core\construct</Filter>
    </ClInclude>
    <ClInclude Include="src\ResourceManager.h">
      <Filter>Header Files\core\construct\resource</Filter>
    </ClInclude>
    <ClInclude Include="src\Construct.h">
      <Filter>Header Files\core\construct</Filter>
    </ClInclude>
    <ClInclude Include="src\ResourcePacket.h">
      <Filter>Header Files\core\construct</Filter>
    </ClInclude>
    <ClInclude Include="src\ResourceType.h">
      <Filter>Header Files\core\construct\resource</Filter>
    </ClInclude>
    <ClInclude Include="src\HubInfoPanel.h">
      <Filter>Header Files\gui\menu</Filter>
    </ClInclude>
    <ClInclude Include="src\NodeInfoPanel.h">
      <Filter>Header Files\gui\menu</Filter>
    </ClInclude>
    <ClInclude Include="src\SetupState.h">
      <Filter>Header Files\states</Filter>
    </ClInclude>
    <ClInclude Include="src\NeuroWorldSettings.h">
      <Filter>Header Files\core</Filter>
    </ClInclude>
    <ClInclude Include="src\LloydRelaxation.h">
      <Filter>Header Files\core\map</Filter>
    </ClInclude>
    <ClInclude Include="src\Instruction.h">
      <Filter>Header Files\core\construct\instructions</Filter>
    </ClInclude>
    <ClInclude Include="src\ConstructSystem.h">
      <Filter>Header Files\entity\systems</Filter>
    </ClInclude>
    <ClInclude Include="src\ResourceRequirement.h">
      <Filter>Header Files\core\construct\resource</Filter>
    </ClInclude>
    <ClInclude Include="src\ResourceTransferSystem.h">
      <Filter>Header Files\entity\systems</Filter>
    </ClInclude>
    <ClInclude Include="src\PulseTransferSystem.h">
      <Filter>Header Files\entity\systems</Filter>
    </ClInclude>
    <ClInclude Include="src\RefineryConstruct.h">
      <Filter>Header Files\core\construct\constructs</Filter>
    </ClInclude>
    <ClInclude Include="src\ConstructInfoPanel.h">
      <Filter>Header Files\gui\menu</Filter>
    </ClInclude>
    <ClInclude Include="src\AnimationComponent.h">
      <Filter>Header Files\entity\components\display</Filter>
    </ClInclude>
    <ClInclude Include="src\GraphicComponent.h">
      <Filter>Header Files\entity\components\display</Filter>
    </ClInclude>
    <ClInclude Include="src\OutputComponent.h">
      <Filter>Header Files\entity\components\pulse</Filter>
    </ClInclude>
    <ClInclude Include="src\PulseComponent.h">
      <Filter>Header Files\entity\components\pulse</Filter>
    </ClInclude>
    <ClInclude Include="src\ReactionComponent.h">
      <Filter>Header Files\entity\components\pulse</Filter>
    </ClInclude>
    <ClInclude Include="src\TransformComponent.h">
      <Filter>Header Files\entity\components\display</Filter>
    </ClInclude>
    <ClInclude Include="src\ConnectionComponent.h">
      <Filter>Header Files\entity\components\pulse</Filter>
    </ClInclude>
    <ClInclude Include="src\NodeComponent.h">
      <Filter>Header Files\entity\components\pulse</Filter>
    </ClInclude>
    <ClInclude Include="src\ConstructComponent.h">
      <Filter>Header Files\entity\components\construct</Filter>
    </ClInclude>
    <ClInclude Include="src\ConstructConnectionComponent.h">
      <Filter>Header Files\entity\components\construct</Filter>
    </ClInclude>
    <ClInclude Include="src\HubComponent.h">
      <Filter>Header Files\entity\components\construct</Filter>
    </ClInclude>
    <ClInclude Include="src\ResourceInputComponent.h">
      <Filter>Header Files\entity\components\construct</Filter>
    </ClInclude>
    <ClInclude Include="src\ResourceOutputComponent.h">
      <Filter>Header Files\entity\components\construct</Filter>
    </ClInclude>
    <ClInclude Include="src\BufferComponent.h">
      <Filter>Header Files\entity\components\construct</Filter>
    </ClInclude>
    <ClInclude Include="src\PulseGateComponent.h">
      <Filter>Header Files\entity\components\construct</Filter>
    </ClInclude>
    <ClInclude Include="src\SexyEnergyBuffer.h">
      <Filter>Header Files\core\construct\constructs</Filter>
    </ClInclude>
    <ClInclude Include="src\HeatSystem.h">
      <Filter>Header Files\entity\systems</Filter>
    </ClInclude>
  </ItemGroup>
</Project>